// !$*UTF8*$!
{
	archiveVersion = 1;
	classes = {
	};
	objectVersion = 56;
	objects = {

/* Begin PBXBuildFile section */
		CE5DDD7F2A53814500F768FC /* AppDelegate.swift in Sources */ = {isa = PBXBuildFile; fileRef = CE5DDD7E2A53814500F768FC /* AppDelegate.swift */; };
		CE5DDD812A53814500F768FC /* SceneDelegate.swift in Sources */ = {isa = PBXBuildFile; fileRef = CE5DDD802A53814500F768FC /* SceneDelegate.swift */; };
		CE5DDD832A53814500F768FC /* ViewController.swift in Sources */ = {isa = PBXBuildFile; fileRef = CE5DDD822A53814500F768FC /* ViewController.swift */; };
		CE5DDD862A53814500F768FC /* Main.storyboard in Resources */ = {isa = PBXBuildFile; fileRef = CE5DDD842A53814500F768FC /* Main.storyboard */; };
		CE5DDD882A53814800F768FC /* Assets.xcassets in Resources */ = {isa = PBXBuildFile; fileRef = CE5DDD872A53814800F768FC /* Assets.xcassets */; };
		CE5DDD8B2A53814800F768FC /* LaunchScreen.storyboard in Resources */ = {isa = PBXBuildFile; fileRef = CE5DDD892A53814800F768FC /* LaunchScreen.storyboard */; };
		CE5DDD962A53814800F768FC /* WarTests.swift in Sources */ = {isa = PBXBuildFile; fileRef = CE5DDD952A53814800F768FC /* WarTests.swift */; };
		CE5DDDA02A53814800F768FC /* WarUITests.swift in Sources */ = {isa = PBXBuildFile; fileRef = CE5DDD9F2A53814800F768FC /* WarUITests.swift */; };
		CE5DDDA22A53814800F768FC /* WarUITestsLaunchTests.swift in Sources */ = {isa = PBXBuildFile; fileRef = CE5DDDA12A53814800F768FC /* WarUITestsLaunchTests.swift */; };
/* End PBXBuildFile section */

/* Begin PBXContainerItemProxy section */
		CE5DDD922A53814800F768FC /* PBXContainerItemProxy */ = {
			isa = PBXContainerItemProxy;
			containerPortal = CE5DDD732A53814500F768FC /* Project object */;
			proxyType = 1;
			remoteGlobalIDString = CE5DDD7A2A53814500F768FC;
			remoteInfo = War;
		};
		CE5DDD9C2A53814800F768FC /* PBXContainerItemProxy */ = {
			isa = PBXContainerItemProxy;
			containerPortal = CE5DDD732A53814500F768FC /* Project object */;
			proxyType = 1;
			remoteGlobalIDString = CE5DDD7A2A53814500F768FC;
			remoteInfo = War;
		};
/* End PBXContainerItemProxy section */

/* Begin PBXFileReference section */
		CE5DDD7B2A53814500F768FC /* War.app */ = {isa = PBXFileReference; explicitFileType = wrapper.application; includeInIndex = 0; path = War.app; sourceTree = BUILT_PRODUCTS_DIR; };
		CE5DDD7E2A53814500F768FC /* AppDelegate.swift */ = {isa = PBXFileReference; lastKnownFileType = sourcecode.swift; path = AppDelegate.swift; sourceTree = "<group>"; };
		CE5DDD802A53814500F768FC /* SceneDelegate.swift */ = {isa = PBXFileReference; lastKnownFileType = sourcecode.swift; path = SceneDelegate.swift; sourceTree = "<group>"; };
		CE5DDD822A53814500F768FC /* ViewController.swift */ = {isa = PBXFileReference; lastKnownFileType = sourcecode.swift; path = ViewController.swift; sourceTree = "<group>"; };
		CE5DDD852A53814500F768FC /* Base */ = {isa = PBXFileReference; lastKnownFileType = file.storyboard; name = Base; path = Base.lproj/Main.storyboard; sourceTree = "<group>"; };
		CE5DDD872A53814800F768FC /* Assets.xcassets */ = {isa = PBXFileReference; lastKnownFileType = folder.assetcatalog; path = Assets.xcassets; sourceTree = "<group>"; };
		CE5DDD8A2A53814800F768FC /* Base */ = {isa = PBXFileReference; lastKnownFileType = file.storyboard; name = Base; path = Base.lproj/LaunchScreen.storyboard; sourceTree = "<group>"; };
		CE5DDD8C2A53814800F768FC /* Info.plist */ = {isa = PBXFileReference; lastKnownFileType = text.plist.xml; path = Info.plist; sourceTree = "<group>"; };
		CE5DDD912A53814800F768FC /* WarTests.xctest */ = {isa = PBXFileReference; explicitFileType = wrapper.cfbundle; includeInIndex = 0; path = WarTests.xctest; sourceTree = BUILT_PRODUCTS_DIR; };
		CE5DDD952A53814800F768FC /* WarTests.swift */ = {isa = PBXFileReference; lastKnownFileType = sourcecode.swift; path = WarTests.swift; sourceTree = "<group>"; };
		CE5DDD9B2A53814800F768FC /* WarUITests.xctest */ = {isa = PBXFileReference; explicitFileType = wrapper.cfbundle; includeInIndex = 0; path = WarUITests.xctest; sourceTree = BUILT_PRODUCTS_DIR; };
		CE5DDD9F2A53814800F768FC /* WarUITests.swift */ = {isa = PBXFileReference; lastKnownFileType = sourcecode.swift; path = WarUITests.swift; sourceTree = "<group>"; };
		CE5DDDA12A53814800F768FC /* WarUITestsLaunchTests.swift */ = {isa = PBXFileReference; lastKnownFileType = sourcecode.swift; path = WarUITestsLaunchTests.swift; sourceTree = "<group>"; };
/* End PBXFileReference section */

/* Begin PBXFrameworksBuildPhase section */
		CE5DDD782A53814500F768FC /* Frameworks */ = {
			isa = PBXFrameworksBuildPhase;
			buildActionMask = 2147483647;
			files = (
			);
			runOnlyForDeploymentPostprocessing = 0;
		};
		CE5DDD8E2A53814800F768FC /* Frameworks */ = {
			isa = PBXFrameworksBuildPhase;
			buildActionMask = 2147483647;
			files = (
			);
			runOnlyForDeploymentPostprocessing = 0;
		};
		CE5DDD982A53814800F768FC /* Frameworks */ = {
			isa = PBXFrameworksBuildPhase;
			buildActionMask = 2147483647;
			files = (
			);
			runOnlyForDeploymentPostprocessing = 0;
		};
/* End PBXFrameworksBuildPhase section */

/* Begin PBXGroup section */
		CE5DDD722A53814500F768FC = {
			isa = PBXGroup;
			children = (
				CE5DDD7D2A53814500F768FC /* War */,
				CE5DDD942A53814800F768FC /* WarTests */,
				CE5DDD9E2A53814800F768FC /* WarUITests */,
				CE5DDD7C2A53814500F768FC /* Products */,
			);
			sourceTree = "<group>";
		};
		CE5DDD7C2A53814500F768FC /* Products */ = {
			isa = PBXGroup;
			children = (
				CE5DDD7B2A53814500F768FC /* War.app */,
				CE5DDD912A53814800F768FC /* WarTests.xctest */,
				CE5DDD9B2A53814800F768FC /* WarUITests.xctest */,
			);
			name = Products;
			sourceTree = "<group>";
		};
		CE5DDD7D2A53814500F768FC /* War */ = {
			isa = PBXGroup;
			children = (
				CE5DDD7E2A53814500F768FC /* AppDelegate.swift */,
				CE5DDD802A53814500F768FC /* SceneDelegate.swift */,
				CE5DDD822A53814500F768FC /* ViewController.swift */,
				CE5DDD842A53814500F768FC /* Main.storyboard */,
				CE5DDD872A53814800F768FC /* Assets.xcassets */,
				CE5DDD892A53814800F768FC /* LaunchScreen.storyboard */,
				CE5DDD8C2A53814800F768FC /* Info.plist */,
			);
			path = War;
			sourceTree = "<group>";
		};
		CE5DDD942A53814800F768FC /* WarTests */ = {
			isa = PBXGroup;
			children = (
				CE5DDD952A53814800F768FC /* WarTests.swift */,
			);
			path = WarTests;
			sourceTree = "<group>";
		};
		CE5DDD9E2A53814800F768FC /* WarUITests */ = {
			isa = PBXGroup;
			children = (
				CE5DDD9F2A53814800F768FC /* WarUITests.swift */,
				CE5DDDA12A53814800F768FC /* WarUITestsLaunchTests.swift */,
			);
			path = WarUITests;
			sourceTree = "<group>";
		};
/* End PBXGroup section */

/* Begin PBXNativeTarget section */
		CE5DDD7A2A53814500F768FC /* War */ = {
			isa = PBXNativeTarget;
			buildConfigurationList = CE5DDDA52A53814800F768FC /* Build configuration list for PBXNativeTarget "War" */;
			buildPhases = (
				CE5DDD772A53814500F768FC /* Sources */,
				CE5DDD782A53814500F768FC /* Frameworks */,
				CE5DDD792A53814500F768FC /* Resources */,
			);
			buildRules = (
			);
			dependencies = (
			);
			name = War;
			productName = War;
			productReference = CE5DDD7B2A53814500F768FC /* War.app */;
			productType = "com.apple.product-type.application";
		};
		CE5DDD902A53814800F768FC /* WarTests */ = {
			isa = PBXNativeTarget;
			buildConfigurationList = CE5DDDA82A53814800F768FC /* Build configuration list for PBXNativeTarget "WarTests" */;
			buildPhases = (
				CE5DDD8D2A53814800F768FC /* Sources */,
				CE5DDD8E2A53814800F768FC /* Frameworks */,
				CE5DDD8F2A53814800F768FC /* Resources */,
			);
			buildRules = (
			);
			dependencies = (
				CE5DDD932A53814800F768FC /* PBXTargetDependency */,
			);
			name = WarTests;
			productName = WarTests;
			productReference = CE5DDD912A53814800F768FC /* WarTests.xctest */;
			productType = "com.apple.product-type.bundle.unit-test";
		};
		CE5DDD9A2A53814800F768FC /* WarUITests */ = {
			isa = PBXNativeTarget;
			buildConfigurationList = CE5DDDAB2A53814800F768FC /* Build configuration list for PBXNativeTarget "WarUITests" */;
			buildPhases = (
				CE5DDD972A53814800F768FC /* Sources */,
				CE5DDD982A53814800F768FC /* Frameworks */,
				CE5DDD992A53814800F768FC /* Resources */,
			);
			buildRules = (
			);
			dependencies = (
				CE5DDD9D2A53814800F768FC /* PBXTargetDependency */,
			);
			name = WarUITests;
			productName = WarUITests;
			productReference = CE5DDD9B2A53814800F768FC /* WarUITests.xctest */;
			productType = "com.apple.product-type.bundle.ui-testing";
		};
/* End PBXNativeTarget section */

/* Begin PBXProject section */
		CE5DDD732A53814500F768FC /* Project object */ = {
			isa = PBXProject;
			attributes = {
				BuildIndependentTargetsInParallel = 1;
				LastSwiftUpdateCheck = 1420;
				LastUpgradeCheck = 1420;
				TargetAttributes = {
					CE5DDD7A2A53814500F768FC = {
						CreatedOnToolsVersion = 14.2;
					};
					CE5DDD902A53814800F768FC = {
						CreatedOnToolsVersion = 14.2;
						TestTargetID = CE5DDD7A2A53814500F768FC;
					};
					CE5DDD9A2A53814800F768FC = {
						CreatedOnToolsVersion = 14.2;
						TestTargetID = CE5DDD7A2A53814500F768FC;
					};
				};
			};
			buildConfigurationList = CE5DDD762A53814500F768FC /* Build configuration list for PBXProject "War" */;
			compatibilityVersion = "Xcode 14.0";
			developmentRegion = en;
			hasScannedForEncodings = 0;
			knownRegions = (
				en,
				Base,
			);
			mainGroup = CE5DDD722A53814500F768FC;
			productRefGroup = CE5DDD7C2A53814500F768FC /* Products */;
			projectDirPath = "";
			projectRoot = "";
			targets = (
				CE5DDD7A2A53814500F768FC /* War */,
				CE5DDD902A53814800F768FC /* WarTests */,
				CE5DDD9A2A53814800F768FC /* WarUITests */,
			);
		};
/* End PBXProject section */

/* Begin PBXResourcesBuildPhase section */
		CE5DDD792A53814500F768FC /* Resources */ = {
			isa = PBXResourcesBuildPhase;
			buildActionMask = 2147483647;
			files = (
				CE5DDD8B2A53814800F768FC /* LaunchScreen.storyboard in Resources */,
				CE5DDD882A53814800F768FC /* Assets.xcassets in Resources */,
				CE5DDD862A53814500F768FC /* Main.storyboard in Resources */,
			);
			runOnlyForDeploymentPostprocessing = 0;
		};
		CE5DDD8F2A53814800F768FC /* Resources */ = {
			isa = PBXResourcesBuildPhase;
			buildActionMask = 2147483647;
			files = (
			);
			runOnlyForDeploymentPostprocessing = 0;
		};
		CE5DDD992A53814800F768FC /* Resources */ = {
			isa = PBXResourcesBuildPhase;
			buildActionMask = 2147483647;
			files = (
			);
			runOnlyForDeploymentPostprocessing = 0;
		};
/* End PBXResourcesBuildPhase section */

/* Begin PBXSourcesBuildPhase section */
		CE5DDD772A53814500F768FC /* Sources */ = {
			isa = PBXSourcesBuildPhase;
			buildActionMask = 2147483647;
			files = (
				CE5DDD832A53814500F768FC /* ViewController.swift in Sources */,
				CE5DDD7F2A53814500F768FC /* AppDelegate.swift in Sources */,
				CE5DDD812A53814500F768FC /* SceneDelegate.swift in Sources */,
			);
			runOnlyForDeploymentPostprocessing = 0;
		};
		CE5DDD8D2A53814800F768FC /* Sources */ = {
			isa = PBXSourcesBuildPhase;
			buildActionMask = 2147483647;
			files = (
				CE5DDD962A53814800F768FC /* WarTests.swift in Sources */,
			);
			runOnlyForDeploymentPostprocessing = 0;
		};
		CE5DDD972A53814800F768FC /* Sources */ = {
			isa = PBXSourcesBuildPhase;
			buildActionMask = 2147483647;
			files = (
				CE5DDDA02A53814800F768FC /* WarUITests.swift in Sources */,
				CE5DDDA22A53814800F768FC /* WarUITestsLaunchTests.swift in Sources */,
			);
			runOnlyForDeploymentPostprocessing = 0;
		};
/* End PBXSourcesBuildPhase section */

/* Begin PBXTargetDependency section */
		CE5DDD932A53814800F768FC /* PBXTargetDependency */ = {
			isa = PBXTargetDependency;
			target = CE5DDD7A2A53814500F768FC /* War */;
			targetProxy = CE5DDD922A53814800F768FC /* PBXContainerItemProxy */;
		};
		CE5DDD9D2A53814800F768FC /* PBXTargetDependency */ = {
			isa = PBXTargetDependency;
			target = CE5DDD7A2A53814500F768FC /* War */;
			targetProxy = CE5DDD9C2A53814800F768FC /* PBXContainerItemProxy */;
		};
/* End PBXTargetDependency section */

/* Begin PBXVariantGroup section */
		CE5DDD842A53814500F768FC /* Main.storyboard */ = {
			isa = PBXVariantGroup;
			children = (
				CE5DDD852A53814500F768FC /* Base */,
			);
			name = Main.storyboard;
			sourceTree = "<group>";
		};
		CE5DDD892A53814800F768FC /* LaunchScreen.storyboard */ = {
			isa = PBXVariantGroup;
			children = (
				CE5DDD8A2A53814800F768FC /* Base */,
			);
			name = LaunchScreen.storyboard;
			sourceTree = "<group>";
		};
/* End PBXVariantGroup section */

/* Begin XCBuildConfiguration section */
		CE5DDDA32A53814800F768FC /* Debug */ = {
			isa = XCBuildConfiguration;
			buildSettings = {
				ALWAYS_SEARCH_USER_PATHS = NO;
				CLANG_ANALYZER_NONNULL = YES;
				CLANG_ANALYZER_NUMBER_OBJECT_CONVERSION = YES_AGGRESSIVE;
				CLANG_CXX_LANGUAGE_STANDARD = "gnu++20";
				CLANG_ENABLE_MODULES = YES;
				CLANG_ENABLE_OBJC_ARC = YES;
				CLANG_ENABLE_OBJC_WEAK = YES;
				CLANG_WARN_BLOCK_CAPTURE_AUTORELEASING = YES;
				CLANG_WARN_BOOL_CONVERSION = YES;
				CLANG_WARN_COMMA = YES;
				CLANG_WARN_CONSTANT_CONVERSION = YES;
				CLANG_WARN_DEPRECATED_OBJC_IMPLEMENTATIONS = YES;
				CLANG_WARN_DIRECT_OBJC_ISA_USAGE = YES_ERROR;
				CLANG_WARN_DOCUMENTATION_COMMENTS = YES;
				CLANG_WARN_EMPTY_BODY = YES;
				CLANG_WARN_ENUM_CONVERSION = YES;
				CLANG_WARN_INFINITE_RECURSION = YES;
				CLANG_WARN_INT_CONVERSION = YES;
				CLANG_WARN_NON_LITERAL_NULL_CONVERSION = YES;
				CLANG_WARN_OBJC_IMPLICIT_RETAIN_SELF = YES;
				CLANG_WARN_OBJC_LITERAL_CONVERSION = YES;
				CLANG_WARN_OBJC_ROOT_CLASS = YES_ERROR;
				CLANG_WARN_QUOTED_INCLUDE_IN_FRAMEWORK_HEADER = YES;
				CLANG_WARN_RANGE_LOOP_ANALYSIS = YES;
				CLANG_WARN_STRICT_PROTOTYPES = YES;
				CLANG_WARN_SUSPICIOUS_MOVE = YES;
				CLANG_WARN_UNGUARDED_AVAILABILITY = YES_AGGRESSIVE;
				CLANG_WARN_UNREACHABLE_CODE = YES;
				CLANG_WARN__DUPLICATE_METHOD_MATCH = YES;
				COPY_PHASE_STRIP = NO;
				DEBUG_INFORMATION_FORMAT = dwarf;
				ENABLE_STRICT_OBJC_MSGSEND = YES;
				ENABLE_TESTABILITY = YES;
				GCC_C_LANGUAGE_STANDARD = gnu11;
				GCC_DYNAMIC_NO_PIC = NO;
				GCC_NO_COMMON_BLOCKS = YES;
				GCC_OPTIMIZATION_LEVEL = 0;
				GCC_PREPROCESSOR_DEFINITIONS = (
					"DEBUG=1",
					"$(inherited)",
				);
				GCC_WARN_64_TO_32_BIT_CONVERSION = YES;
				GCC_WARN_ABOUT_RETURN_TYPE = YES_ERROR;
				GCC_WARN_UNDECLARED_SELECTOR = YES;
				GCC_WARN_UNINITIALIZED_AUTOS = YES_AGGRESSIVE;
				GCC_WARN_UNUSED_FUNCTION = YES;
				GCC_WARN_UNUSED_VARIABLE = YES;
				IPHONEOS_DEPLOYMENT_TARGET = 16.2;
				MTL_ENABLE_DEBUG_INFO = INCLUDE_SOURCE;
				MTL_FAST_MATH = YES;
				ONLY_ACTIVE_ARCH = YES;
				SDKROOT = iphoneos;
				SWIFT_ACTIVE_COMPILATION_CONDITIONS = DEBUG;
				SWIFT_OPTIMIZATION_LEVEL = "-Onone";
			};
			name = Debug;
		};
		CE5DDDA42A53814800F768FC /* Release */ = {
			isa = XCBuildConfiguration;
			buildSettings = {
				ALWAYS_SEARCH_USER_PATHS = NO;
				CLANG_ANALYZER_NONNULL = YES;
				CLANG_ANALYZER_NUMBER_OBJECT_CONVERSION = YES_AGGRESSIVE;
				CLANG_CXX_LANGUAGE_STANDARD = "gnu++20";
				CLANG_ENABLE_MODULES = YES;
				CLANG_ENABLE_OBJC_ARC = YES;
				CLANG_ENABLE_OBJC_WEAK = YES;
				CLANG_WARN_BLOCK_CAPTURE_AUTORELEASING = YES;
				CLANG_WARN_BOOL_CONVERSION = YES;
				CLANG_WARN_COMMA = YES;
				CLANG_WARN_CONSTANT_CONVERSION = YES;
				CLANG_WARN_DEPRECATED_OBJC_IMPLEMENTATIONS = YES;
				CLANG_WARN_DIRECT_OBJC_ISA_USAGE = YES_ERROR;
				CLANG_WARN_DOCUMENTATION_COMMENTS = YES;
				CLANG_WARN_EMPTY_BODY = YES;
				CLANG_WARN_ENUM_CONVERSION = YES;
				CLANG_WARN_INFINITE_RECURSION = YES;
				CLANG_WARN_INT_CONVERSION = YES;
				CLANG_WARN_NON_LITERAL_NULL_CONVERSION = YES;
				CLANG_WARN_OBJC_IMPLICIT_RETAIN_SELF = YES;
				CLANG_WARN_OBJC_LITERAL_CONVERSION = YES;
				CLANG_WARN_OBJC_ROOT_CLASS = YES_ERROR;
				CLANG_WARN_QUOTED_INCLUDE_IN_FRAMEWORK_HEADER = YES;
				CLANG_WARN_RANGE_LOOP_ANALYSIS = YES;
				CLANG_WARN_STRICT_PROTOTYPES = YES;
				CLANG_WARN_SUSPICIOUS_MOVE = YES;
				CLANG_WARN_UNGUARDED_AVAILABILITY = YES_AGGRESSIVE;
				CLANG_WARN_UNREACHABLE_CODE = YES;
				CLANG_WARN__DUPLICATE_METHOD_MATCH = YES;
				COPY_PHASE_STRIP = NO;
				DEBUG_INFORMATION_FORMAT = "dwarf-with-dsym";
				ENABLE_NS_ASSERTIONS = NO;
				ENABLE_STRICT_OBJC_MSGSEND = YES;
				GCC_C_LANGUAGE_STANDARD = gnu11;
				GCC_NO_COMMON_BLOCKS = YES;
				GCC_WARN_64_TO_32_BIT_CONVERSION = YES;
				GCC_WARN_ABOUT_RETURN_TYPE = YES_ERROR;
				GCC_WARN_UNDECLARED_SELECTOR = YES;
				GCC_WARN_UNINITIALIZED_AUTOS = YES_AGGRESSIVE;
				GCC_WARN_UNUSED_FUNCTION = YES;
				GCC_WARN_UNUSED_VARIABLE = YES;
				IPHONEOS_DEPLOYMENT_TARGET = 16.2;
				MTL_ENABLE_DEBUG_INFO = NO;
				MTL_FAST_MATH = YES;
				SDKROOT = iphoneos;
				SWIFT_COMPILATION_MODE = wholemodule;
				SWIFT_OPTIMIZATION_LEVEL = "-O";
				VALIDATE_PRODUCT = YES;
			};
			name = Release;
		};
		CE5DDDA62A53814800F768FC /* Debug */ = {
			isa = XCBuildConfiguration;
			buildSettings = {
				ASSETCATALOG_COMPILER_APPICON_NAME = AppIcon;
				ASSETCATALOG_COMPILER_GLOBAL_ACCENT_COLOR_NAME = AccentColor;
				CODE_SIGN_STYLE = Automatic;
				CURRENT_PROJECT_VERSION = 1;
				DEVELOPMENT_TEAM = 96BGR9J6TU;
				GENERATE_INFOPLIST_FILE = YES;
				INFOPLIST_FILE = War/Info.plist;
				INFOPLIST_KEY_UIApplicationSupportsIndirectInputEvents = YES;
				INFOPLIST_KEY_UILaunchStoryboardName = LaunchScreen;
				INFOPLIST_KEY_UIMainStoryboardFile = Main;
				INFOPLIST_KEY_UISupportedInterfaceOrientations_iPad = "UIInterfaceOrientationPortrait UIInterfaceOrientationPortraitUpsideDown UIInterfaceOrientationLandscapeLeft UIInterfaceOrientationLandscapeRight";
				INFOPLIST_KEY_UISupportedInterfaceOrientations_iPhone = "UIInterfaceOrientationPortrait UIInterfaceOrientationLandscapeLeft UIInterfaceOrientationLandscapeRight";
				LD_RUNPATH_SEARCH_PATHS = (
					"$(inherited)",
					"@executable_path/Frameworks",
				);
				MARKETING_VERSION = 1.0;
				PRODUCT_BUNDLE_IDENTIFIER = com.pedroroca.War;
				PRODUCT_NAME = "$(TARGET_NAME)";
				SWIFT_EMIT_LOC_STRINGS = YES;
				SWIFT_VERSION = 5.0;
				TARGETED_DEVICE_FAMILY = "1,2";
			};
			name = Debug;
		};
		CE5DDDA72A53814800F768FC /* Release */ = {
			isa = XCBuildConfiguration;
			buildSettings = {
				ASSETCATALOG_COMPILER_APPICON_NAME = AppIcon;
				ASSETCATALOG_COMPILER_GLOBAL_ACCENT_COLOR_NAME = AccentColor;
				CODE_SIGN_STYLE = Automatic;
				CURRENT_PROJECT_VERSION = 1;
				DEVELOPMENT_TEAM = 96BGR9J6TU;
				GENERATE_INFOPLIST_FILE = YES;
				INFOPLIST_FILE = War/Info.plist;
				INFOPLIST_KEY_UIApplicationSupportsIndirectInputEvents = YES;
				INFOPLIST_KEY_UILaunchStoryboardName = LaunchScreen;
				INFOPLIST_KEY_UIMainStoryboardFile = Main;
				INFOPLIST_KEY_UISupportedInterfaceOrientations_iPad = "UIInterfaceOrientationPortrait UIInterfaceOrientationPortraitUpsideDown UIInterfaceOrientationLandscapeLeft UIInterfaceOrientationLandscapeRight";
				INFOPLIST_KEY_UISupportedInterfaceOrientations_iPhone = "UIInterfaceOrientationPortrait UIInterfaceOrientationLandscapeLeft UIInterfaceOrientationLandscapeRight";
				LD_RUNPATH_SEARCH_PATHS = (
					"$(inherited)",
					"@executable_path/Frameworks",
				);
				MARKETING_VERSION = 1.0;
				PRODUCT_BUNDLE_IDENTIFIER = com.pedroroca.War;
				PRODUCT_NAME = "$(TARGET_NAME)";
				SWIFT_EMIT_LOC_STRINGS = YES;
				SWIFT_VERSION = 5.0;
				TARGETED_DEVICE_FAMILY = "1,2";
			};
			name = Release;
		};
		CE5DDDA92A53814800F768FC /* Debug */ = {
			isa = XCBuildConfiguration;
			buildSettings = {
				ALWAYS_EMBED_SWIFT_STANDARD_LIBRARIES = YES;
				BUNDLE_LOADER = "$(TEST_HOST)";
				CODE_SIGN_STYLE = Automatic;
				CURRENT_PROJECT_VERSION = 1;
				DEVELOPMENT_TEAM = 96BGR9J6TU;
				GENERATE_INFOPLIST_FILE = YES;
				IPHONEOS_DEPLOYMENT_TARGET = 16.2;
				MARKETING_VERSION = 1.0;
				PRODUCT_BUNDLE_IDENTIFIER = com.pedroroca.WarTests;
				PRODUCT_NAME = "$(TARGET_NAME)";
				SWIFT_EMIT_LOC_STRINGS = NO;
				SWIFT_VERSION = 5.0;
				TARGETED_DEVICE_FAMILY = "1,2";
				TEST_HOST = "$(BUILT_PRODUCTS_DIR)/War.app/$(BUNDLE_EXECUTABLE_FOLDER_PATH)/War";
			};
			name = Debug;
		};
		CE5DDDAA2A53814800F768FC /* Release */ = {
			isa = XCBuildConfiguration;
			buildSettings = {
				ALWAYS_EMBED_SWIFT_STANDARD_LIBRARIES = YES;
				BUNDLE_LOADER = "$(TEST_HOST)";
				CODE_SIGN_STYLE = Automatic;
				CURRENT_PROJECT_VERSION = 1;
				DEVELOPMENT_TEAM = 96BGR9J6TU;
				GENERATE_INFOPLIST_FILE = YES;
				IPHONEOS_DEPLOYMENT_TARGET = 16.2;
				MARKETING_VERSION = 1.0;
				PRODUCT_BUNDLE_IDENTIFIER = com.pedroroca.WarTests;
				PRODUCT_NAME = "$(TARGET_NAME)";
				SWIFT_EMIT_LOC_STRINGS = NO;
				SWIFT_VERSION = 5.0;
				TARGETED_DEVICE_FAMILY = "1,2";
				TEST_HOST = "$(BUILT_PRODUCTS_DIR)/War.app/$(BUNDLE_EXECUTABLE_FOLDER_PATH)/War";
			};
			name = Release;
		};
		CE5DDDAC2A53814800F768FC /* Debug */ = {
			isa = XCBuildConfiguration;
			buildSettings = {
				ALWAYS_EMBED_SWIFT_STANDARD_LIBRARIES = YES;
				CODE_SIGN_STYLE = Automatic;
				CURRENT_PROJECT_VERSION = 1;
				DEVELOPMENT_TEAM = 96BGR9J6TU;
				GENERATE_INFOPLIST_FILE = YES;
				MARKETING_VERSION = 1.0;
				PRODUCT_BUNDLE_IDENTIFIER = com.pedroroca.WarUITests;
				PRODUCT_NAME = "$(TARGET_NAME)";
				SWIFT_EMIT_LOC_STRINGS = NO;
				SWIFT_VERSION = 5.0;
				TARGETED_DEVICE_FAMILY = "1,2";
				TEST_TARGET_NAME = War;
			};
			name = Debug;
		};
		CE5DDDAD2A53814800F768FC /* Release */ = {
			isa = XCBuildConfiguration;
			buildSettings = {
				ALWAYS_EMBED_SWIFT_STANDARD_LIBRARIES = YES;
				CODE_SIGN_STYLE = Automatic;
				CURRENT_PROJECT_VERSION = 1;
				DEVELOPMENT_TEAM = 96BGR9J6TU;
				GENERATE_INFOPLIST_FILE = YES;
				MARKETING_VERSION = 1.0;
				PRODUCT_BUNDLE_IDENTIFIER = com.pedroroca.WarUITests;
				PRODUCT_NAME = "$(TARGET_NAME)";
				SWIFT_EMIT_LOC_STRINGS = NO;
				SWIFT_VERSION = 5.0;
				TARGETED_DEVICE_FAMILY = "1,2";
				TEST_TARGET_NAME = War;
			};
			name = Release;
		};
/* End XCBuildConfiguration section */

/* Begin XCConfigurationList section */
		CE5DDD762A53814500F768FC /* Build configuration list for PBXProject "War" */ = {
			isa = XCConfigurationList;
			buildConfigurations = (
				CE5DDDA32A53814800F768FC /* Debug */,
				CE5DDDA42A53814800F768FC /* Release */,
			);
			defaultConfigurationIsVisible = 0;
			defaultConfigurationName = Release;
		};
		CE5DDDA52A53814800F768FC /* Build configuration list for PBXNativeTarget "War" */ = {
			isa = XCConfigurationList;
			buildConfigurations = (
				CE5DDDA62A53814800F768FC /* Debug */,
				CE5DDDA72A53814800F768FC /* Release */,
			);
			defaultConfigurationIsVisible = 0;
			defaultConfigurationName = Release;
		};
		CE5DDDA82A53814800F768FC /* Build configuration list for PBXNativeTarget "WarTests" */ = {
			isa = XCConfigurationList;
			buildConfigurations = (
				CE5DDDA92A53814800F768FC /* Debug */,
				CE5DDDAA2A53814800F768FC /* Release */,
			);
			defaultConfigurationIsVisible = 0;
			defaultConfigurationName = Release;
		};
		CE5DDDAB2A53814800F768FC /* Build configuration list for PBXNativeTarget "WarUITests" */ = {
			isa = XCConfigurationList;
			buildConfigurations = (
				CE5DDDAC2A53814800F768FC /* Debug */,
				CE5DDDAD2A53814800F768FC /* Release */,
			);
			defaultConfigurationIsVisible = 0;
			defaultConfigurationName = Release;
		};
/* End XCConfigurationList section */
	};
	rootObject = CE5DDD732A53814500F768FC /* Project object */;
}
